Microsoft Visual Studio Solution File, Format Version 12.00
# Visual Studio Version 17
VisualStudioVersion = 17.0.31903.59
MinimumVisualStudioVersion = 10.0.40219.1
Project("{FAE04EC0-301F-11D3-BF4B-00C04F79EFBC}") = "Authentication", "Authentication\Authentication.csproj", "{5BD1A38B-C465-46CC-8E12-8E273929FC7E}"
EndProject
Project("{FAE04EC0-301F-11D3-BF4B-00C04F79EFBC}") = "Database", "Database\Database.csproj", "{D6981D95-FBAA-49E3-8F28-F94E1B674428}"
EndProject
Project("{FAE04EC0-301F-11D3-BF4B-00C04F79EFBC}") = "Web", "Web\Web.csproj", "{D23AE7C7-D0DA-4551-BE43-0EBF20993933}"
EndProject
Global
	GlobalSection(SolutionConfigurationPlatforms) = preSolution
		Debug|Any CPU = Debug|Any CPU
		Release|Any CPU = Release|Any CPU
	EndGlobalSection
	GlobalSection(SolutionProperties) = preSolution
		HideSolutionNode = FALSE
	EndGlobalSection
	GlobalSection(ProjectConfigurationPlatforms) = postSolution
		{5BD1A38B-C465-46CC-8E12-8E273929FC7E}.Debug|Any CPU.ActiveCfg = Debug|Any CPU
		{5BD1A38B-C465-46CC-8E12-8E273929FC7E}.Debug|Any CPU.Build.0 = Debug|Any CPU
		{5BD1A38B-C465-46CC-8E12-8E273929FC7E}.Release|Any CPU.ActiveCfg = Release|Any CPU
		{5BD1A38B-C465-46CC-8E12-8E273929FC7E}.Release|Any CPU.Build.0 = Release|Any CPU
		{D6981D95-FBAA-49E3-8F28-F94E1B674428}.Debug|Any CPU.ActiveCfg = Debug|Any CPU
		{D6981D95-FBAA-49E3-8F28-F94E1B674428}.Debug|Any CPU.Build.0 = Debug|Any CPU
		{D6981D95-FBAA-49E3-8F28-F94E1B674428}.Release|Any CPU.ActiveCfg = Release|Any CPU
		{D6981D95-FBAA-49E3-8F28-F94E1B674428}.Release|Any CPU.Build.0 = Release|Any CPU
		{D23AE7C7-D0DA-4551-BE43-0EBF20993933}.Debug|Any CPU.ActiveCfg = Debug|Any CPU
		{D23AE7C7-D0DA-4551-BE43-0EBF20993933}.Debug|Any CPU.Build.0 = Debug|Any CPU
		{D23AE7C7-D0DA-4551-BE43-0EBF20993933}.Release|Any CPU.ActiveCfg = Release|Any CPU
		{D23AE7C7-D0DA-4551-BE43-0EBF20993933}.Release|Any CPU.Build.0 = Release|Any CPU
	EndGlobalSection
EndGlobal
